
Microsoft Visual Studio Solution File, Format Version 12.00
# Visual Studio 15
VisualStudioVersion = 15.0.28307.421
MinimumVisualStudioVersion = 10.0.40219.1
Project("{FAE04EC0-301F-11D3-BF4B-00C04F79EFBC}") = "FamilyDictionary", "FamilyDictionary\FamilyDictionary.csproj", "{79A44827-4D56-4254-A757-7CF39B517EB5}"
EndProject
Global
	GlobalSection(SolutionConfigurationPlatforms) = preSolution
		Debug|Any CPU = Debug|Any CPU
		Release|Any CPU = Release|Any CPU
	EndGlobalSection
	GlobalSection(ProjectConfigurationPlatforms) = postSolution
		{79A44827-4D56-4254-A757-7CF39B517EB5}.Debug|Any CPU.ActiveCfg = Debug|Any CPU
		{79A44827-4D56-4254-A757-7CF39B517EB5}.Debug|Any CPU.Build.0 = Debug|Any CPU
		{79A44827-4D56-4254-A757-7CF39B517EB5}.Release|Any CPU.ActiveCfg = Release|Any CPU
		{79A44827-4D56-4254-A757-7CF39B517EB5}.Release|Any CPU.Build.0 = Release|Any CPU
	EndGlobalSection
	GlobalSection(SolutionProperties) = preSolution
		HideSolutionNode = FALSE
	EndGlobalSection
	GlobalSection(ExtensibilityGlobals) = postSolution
		SolutionGuid = {120F5CD0-7518-4FF2-A3DB-383A140933C2}
	EndGlobalSection
EndGlobal
